// !$*UTF8*$!
{
	archiveVersion = 1;
	classes = {
	};
	objectVersion = 50;
	objects = {

/* Begin PBXBuildFile section */
		83412F82261E31CD001C1F66 /* landmarkData.json in Resources */ = {isa = PBXBuildFile; fileRef = 83412F81261E31CD001C1F66 /* landmarkData.json */; };
		83412F8C261E41D1001C1F66 /* Landmark.swift in Sources */ = {isa = PBXBuildFile; fileRef = 83412F8B261E41D1001C1F66 /* Landmark.swift */; };
		83412F90261E44DF001C1F66 /* ModelData.swift in Sources */ = {isa = PBXBuildFile; fileRef = 83412F8F261E44DF001C1F66 /* ModelData.swift */; };
		83CE1793261CCEEF0088DA9B /* AppDelegate.swift in Sources */ = {isa = PBXBuildFile; fileRef = 83CE1792261CCEEF0088DA9B /* AppDelegate.swift */; };
		83CE1795261CCEEF0088DA9B /* SceneDelegate.swift in Sources */ = {isa = PBXBuildFile; fileRef = 83CE1794261CCEEF0088DA9B /* SceneDelegate.swift */; };
		83CE1797261CCEEF0088DA9B /* ContentView.swift in Sources */ = {isa = PBXBuildFile; fileRef = 83CE1796261CCEEF0088DA9B /* ContentView.swift */; };
		83CE1799261CCEEF0088DA9B /* Assets.xcassets in Resources */ = {isa = PBXBuildFile; fileRef = 83CE1798261CCEEF0088DA9B /* Assets.xcassets */; };
		83CE179C261CCEEF0088DA9B /* Preview Assets.xcassets in Resources */ = {isa = PBXBuildFile; fileRef = 83CE179B261CCEEF0088DA9B /* Preview Assets.xcassets */; };
		83CE179F261CCEEF0088DA9B /* LaunchScreen.storyboard in Resources */ = {isa = PBXBuildFile; fileRef = 83CE179D261CCEEF0088DA9B /* LaunchScreen.storyboard */; };
		83CE17A8261CD0300088DA9B /* CircleImage.swift in Sources */ = {isa = PBXBuildFile; fileRef = 83CE17A7261CD0300088DA9B /* CircleImage.swift */; };
		83CE17AC261CD2CF0088DA9B /* MapView.swift in Sources */ = {isa = PBXBuildFile; fileRef = 83CE17AB261CD2CF0088DA9B /* MapView.swift */; };
/* End PBXBuildFile section */

/* Begin PBXFileReference section */
		83412F81261E31CD001C1F66 /* landmarkData.json */ = {isa = PBXFileReference; fileEncoding = 4; lastKnownFileType = text.json; path = landmarkData.json; sourceTree = "<group>"; };
		83412F8B261E41D1001C1F66 /* Landmark.swift */ = {isa = PBXFileReference; lastKnownFileType = sourcecode.swift; path = Landmark.swift; sourceTree = "<group>"; };
		83412F8F261E44DF001C1F66 /* ModelData.swift */ = {isa = PBXFileReference; lastKnownFileType = sourcecode.swift; path = ModelData.swift; sourceTree = "<group>"; };
		83CE178F261CCEEF0088DA9B /* SwiftUIApplePractice.app */ = {isa = PBXFileReference; explicitFileType = wrapper.application; includeInIndex = 0; path = SwiftUIApplePractice.app; sourceTree = BUILT_PRODUCTS_DIR; };
		83CE1792261CCEEF0088DA9B /* AppDelegate.swift */ = {isa = PBXFileReference; lastKnownFileType = sourcecode.swift; path = AppDelegate.swift; sourceTree = "<group>"; };
		83CE1794261CCEEF0088DA9B /* SceneDelegate.swift */ = {isa = PBXFileReference; lastKnownFileType = sourcecode.swift; path = SceneDelegate.swift; sourceTree = "<group>"; };
		83CE1796261CCEEF0088DA9B /* ContentView.swift */ = {isa = PBXFileReference; lastKnownFileType = sourcecode.swift; path = ContentView.swift; sourceTree = "<group>"; };
		83CE1798261CCEEF0088DA9B /* Assets.xcassets */ = {isa = PBXFileReference; lastKnownFileType = folder.assetcatalog; path = Assets.xcassets; sourceTree = "<group>"; };
		83CE179B261CCEEF0088DA9B /* Preview Assets.xcassets */ = {isa = PBXFileReference; lastKnownFileType = folder.assetcatalog; path = "Preview Assets.xcassets"; sourceTree = "<group>"; };
		83CE179E261CCEEF0088DA9B /* Base */ = {isa = PBXFileReference; lastKnownFileType = file.storyboard; name = Base; path = Base.lproj/LaunchScreen.storyboard; sourceTree = "<group>"; };
		83CE17A0261CCEEF0088DA9B /* Info.plist */ = {isa = PBXFileReference; lastKnownFileType = text.plist.xml; path = Info.plist; sourceTree = "<group>"; };
		83CE17A7261CD0300088DA9B /* CircleImage.swift */ = {isa = PBXFileReference; lastKnownFileType = sourcecode.swift; path = CircleImage.swift; sourceTree = "<group>"; };
		83CE17AB261CD2CF0088DA9B /* MapView.swift */ = {isa = PBXFileReference; lastKnownFileType = sourcecode.swift; path = MapView.swift; sourceTree = "<group>"; };
/* End PBXFileReference section */

/* Begin PBXFrameworksBuildPhase section */
		83CE178C261CCEEF0088DA9B /* Frameworks */ = {
			isa = PBXFrameworksBuildPhase;
			buildActionMask = 2147483647;
			files = (
			);
			runOnlyForDeploymentPostprocessing = 0;
		};
/* End PBXFrameworksBuildPhase section */

/* Begin PBXGroup section */
		83CE1786261CCEEF0088DA9B = {
			isa = PBXGroup;
			children = (
				83CE1791261CCEEF0088DA9B /* SwiftUIApplePractice */,
				83CE1790261CCEEF0088DA9B /* Products */,
			);
			sourceTree = "<group>";
		};
		83CE1790261CCEEF0088DA9B /* Products */ = {
			isa = PBXGroup;
			children = (
				83CE178F261CCEEF0088DA9B /* SwiftUIApplePractice.app */,
			);
			name = Products;
			sourceTree = "<group>";
		};
		83CE1791261CCEEF0088DA9B /* SwiftUIApplePractice */ = {
			isa = PBXGroup;
			children = (
				83CE1792261CCEEF0088DA9B /* AppDelegate.swift */,
				83CE1794261CCEEF0088DA9B /* SceneDelegate.swift */,
				83CE1796261CCEEF0088DA9B /* ContentView.swift */,
				83CE17A7261CD0300088DA9B /* CircleImage.swift */,
				83CE17AB261CD2CF0088DA9B /* MapView.swift */,
				83412F8B261E41D1001C1F66 /* Landmark.swift */,
				83412F8F261E44DF001C1F66 /* ModelData.swift */,
				83CE1798261CCEEF0088DA9B /* Assets.xcassets */,
				83CE179D261CCEEF0088DA9B /* LaunchScreen.storyboard */,
				83CE17A0261CCEEF0088DA9B /* Info.plist */,
				83412F81261E31CD001C1F66 /* landmarkData.json */,
				83CE179A261CCEEF0088DA9B /* Preview Content */,
			);
			path = SwiftUIApplePractice;
			sourceTree = "<group>";
		};
		83CE179A261CCEEF0088DA9B /* Preview Content */ = {
			isa = PBXGroup;
			children = (
				83CE179B261CCEEF0088DA9B /* Preview Assets.xcassets */,
			);
			path = "Preview Content";
			sourceTree = "<group>";
		};
/* End PBXGroup section */

/* Begin PBXNativeTarget section */
		83CE178E261CCEEF0088DA9B /* SwiftUIApplePractice */ = {
			isa = PBXNativeTarget;
			buildConfigurationList = 83CE17A3261CCEEF0088DA9B /* Build configuration list for PBXNativeTarget "SwiftUIApplePractice" */;
			buildPhases = (
				83CE178B261CCEEF0088DA9B /* Sources */,
				83CE178C261CCEEF0088DA9B /* Frameworks */,
				83CE178D261CCEEF0088DA9B /* Resources */,
			);
			buildRules = (
			);
			dependencies = (
			);
			name = SwiftUIApplePractice;
			productName = SwiftUIApplePractice;
			productReference = 83CE178F261CCEEF0088DA9B /* SwiftUIApplePractice.app */;
			productType = "com.apple.product-type.application";
		};
/* End PBXNativeTarget section */

/* Begin PBXProject section */
		83CE1787261CCEEF0088DA9B /* Project object */ = {
			isa = PBXProject;
			attributes = {
				LastSwiftUpdateCheck = 1230;
				LastUpgradeCheck = 1230;
				TargetAttributes = {
					83CE178E261CCEEF0088DA9B = {
						CreatedOnToolsVersion = 12.3;
					};
				};
			};
			buildConfigurationList = 83CE178A261CCEEF0088DA9B /* Build configuration list for PBXProject "SwiftUIApplePractice" */;
			compatibilityVersion = "Xcode 9.3";
			developmentRegion = en;
			hasScannedForEncodings = 0;
			knownRegions = (
				en,
				Base,
			);
			mainGroup = 83CE1786261CCEEF0088DA9B;
			productRefGroup = 83CE1790261CCEEF0088DA9B /* Products */;
			projectDirPath = "";
			projectRoot = "";
			targets = (
				83CE178E261CCEEF0088DA9B /* SwiftUIApplePractice */,
			);
		};
/* End PBXProject section */

/* Begin PBXResourcesBuildPhase section */
		83CE178D261CCEEF0088DA9B /* Resources */ = {
			isa = PBXResourcesBuildPhase;
			buildActionMask = 2147483647;
			files = (
				83CE179F261CCEEF0088DA9B /* LaunchScreen.storyboard in Resources */,
				83412F82261E31CD001C1F66 /* landmarkData.json in Resources */,
				83CE179C261CCEEF0088DA9B /* Preview Assets.xcassets in Resources */,
				83CE1799261CCEEF0088DA9B /* Assets.xcassets in Resources */,
			);
			runOnlyForDeploymentPostprocessing = 0;
		};
/* End PBXResourcesBuildPhase section */

/* Begin PBXSourcesBuildPhase section */
		83CE178B261CCEEF0088DA9B /* Sources */ = {
			isa = PBXSourcesBuildPhase;
			buildActionMask = 2147483647;
			files = (
				83CE1793261CCEEF0088DA9B /* AppDelegate.swift in Sources */,
				83CE17A8261CD0300088DA9B /* CircleImage.swift in Sources */,
				83CE17AC261CD2CF0088DA9B /* MapView.swift in Sources */,
				83CE1795261CCEEF0088DA9B /* SceneDelegate.swift in Sources */,
				83CE1797261CCEEF0088DA9B /* ContentView.swift in Sources */,
				83412F8C261E41D1001C1F66 /* Landmark.swift in Sources */,
				83412F90261E44DF001C1F66 /* ModelData.swift in Sources */,
			);
			runOnlyForDeploymentPostprocessing = 0;
		};
/* End PBXSourcesBuildPhase section */

/* Begin PBXVariantGroup section */
		83CE179D261CCEEF0088DA9B /* LaunchScreen.storyboard */ = {
			isa = PBXVariantGroup;
			children = (
				83CE179E261CCEEF0088DA9B /* Base */,
			);
			name = LaunchScreen.storyboard;
			sourceTree = "<group>";
		};
/* End PBXVariantGroup section */

/* Begin XCBuildConfiguration section */
		83CE17A1261CCEEF0088DA9B /* Debug */ = {
			isa = XCBuildConfiguration;
			buildSettings = {
				ALWAYS_SEARCH_USER_PATHS = NO;
				CLANG_ANALYZER_NONNULL = YES;
				CLANG_ANALYZER_NUMBER_OBJECT_CONVERSION = YES_AGGRESSIVE;
				CLANG_CXX_LANGUAGE_STANDARD = "gnu++14";
				CLANG_CXX_LIBRARY = "libc++";
				CLANG_ENABLE_MODULES = YES;
				CLANG_ENABLE_OBJC_ARC = YES;
				CLANG_ENABLE_OBJC_WEAK = YES;
				CLANG_WARN_BLOCK_CAPTURE_AUTORELEASING = YES;
				CLANG_WARN_BOOL_CONVERSION = YES;
				CLANG_WARN_COMMA = YES;
				CLANG_WARN_CONSTANT_CONVERSION = YES;
				CLANG_WARN_DEPRECATED_OBJC_IMPLEMENTATIONS = YES;
				CLANG_WARN_DIRECT_OBJC_ISA_USAGE = YES_ERROR;
				CLANG_WARN_DOCUMENTATION_COMMENTS = YES;
				CLANG_WARN_EMPTY_BODY = YES;
				CLANG_WARN_ENUM_CONVERSION = YES;
				CLANG_WARN_INFINITE_RECURSION = YES;
				CLANG_WARN_INT_CONVERSION = YES;
				CLANG_WARN_NON_LITERAL_NULL_CONVERSION = YES;
				CLANG_WARN_OBJC_IMPLICIT_RETAIN_SELF = YES;
				CLANG_WARN_OBJC_LITERAL_CONVERSION = YES;
				CLANG_WARN_OBJC_ROOT_CLASS = YES_ERROR;
				CLANG_WARN_QUOTED_INCLUDE_IN_FRAMEWORK_HEADER = YES;
				CLANG_WARN_RANGE_LOOP_ANALYSIS = YES;
				CLANG_WARN_STRICT_PROTOTYPES = YES;
				CLANG_WARN_SUSPICIOUS_MOVE = YES;
				CLANG_WARN_UNGUARDED_AVAILABILITY = YES_AGGRESSIVE;
				CLANG_WARN_UNREACHABLE_CODE = YES;
				CLANG_WARN__DUPLICATE_METHOD_MATCH = YES;
				COPY_PHASE_STRIP = NO;
				DEBUG_INFORMATION_FORMAT = dwarf;
				ENABLE_STRICT_OBJC_MSGSEND = YES;
				ENABLE_TESTABILITY = YES;
				GCC_C_LANGUAGE_STANDARD = gnu11;
				GCC_DYNAMIC_NO_PIC = NO;
				GCC_NO_COMMON_BLOCKS = YES;
				GCC_OPTIMIZATION_LEVEL = 0;
				GCC_PREPROCESSOR_DEFINITIONS = (
					"DEBUG=1",
					"$(inherited)",
				);
				GCC_WARN_64_TO_32_BIT_CONVERSION = YES;
				GCC_WARN_ABOUT_RETURN_TYPE = YES_ERROR;
				GCC_WARN_UNDECLARED_SELECTOR = YES;
				GCC_WARN_UNINITIALIZED_AUTOS = YES_AGGRESSIVE;
				GCC_WARN_UNUSED_FUNCTION = YES;
				GCC_WARN_UNUSED_VARIABLE = YES;
				IPHONEOS_DEPLOYMENT_TARGET = 14.3;
				MTL_ENABLE_DEBUG_INFO = INCLUDE_SOURCE;
				MTL_FAST_MATH = YES;
				ONLY_ACTIVE_ARCH = YES;
				SDKROOT = iphoneos;
				SWIFT_ACTIVE_COMPILATION_CONDITIONS = DEBUG;
				SWIFT_OPTIMIZATION_LEVEL = "-Onone";
			};
			name = Debug;
		};
		83CE17A2261CCEEF0088DA9B /* Release */ = {
			isa = XCBuildConfiguration;
			buildSettings = {
				ALWAYS_SEARCH_USER_PATHS = NO;
				CLANG_ANALYZER_NONNULL = YES;
				CLANG_ANALYZER_NUMBER_OBJECT_CONVERSION = YES_AGGRESSIVE;
				CLANG_CXX_LANGUAGE_STANDARD = "gnu++14";
				CLANG_CXX_LIBRARY = "libc++";
				CLANG_ENABLE_MODULES = YES;
				CLANG_ENABLE_OBJC_ARC = YES;
				CLANG_ENABLE_OBJC_WEAK = YES;
				CLANG_WARN_BLOCK_CAPTURE_AUTORELEASING = YES;
				CLANG_WARN_BOOL_CONVERSION = YES;
				CLANG_WARN_COMMA = YES;
				CLANG_WARN_CONSTANT_CONVERSION = YES;
				CLANG_WARN_DEPRECATED_OBJC_IMPLEMENTATIONS = YES;
				CLANG_WARN_DIRECT_OBJC_ISA_USAGE = YES_ERROR;
				CLANG_WARN_DOCUMENTATION_COMMENTS = YES;
				CLANG_WARN_EMPTY_BODY = YES;
				CLANG_WARN_ENUM_CONVERSION = YES;
				CLANG_WARN_INFINITE_RECURSION = YES;
				CLANG_WARN_INT_CONVERSION = YES;
				CLANG_WARN_NON_LITERAL_NULL_CONVERSION = YES;
				CLANG_WARN_OBJC_IMPLICIT_RETAIN_SELF = YES;
				CLANG_WARN_OBJC_LITERAL_CONVERSION = YES;
				CLANG_WARN_OBJC_ROOT_CLASS = YES_ERROR;
				CLANG_WARN_QUOTED_INCLUDE_IN_FRAMEWORK_HEADER = YES;
				CLANG_WARN_RANGE_LOOP_ANALYSIS = YES;
				CLANG_WARN_STRICT_PROTOTYPES = YES;
				CLANG_WARN_SUSPICIOUS_MOVE = YES;
				CLANG_WARN_UNGUARDED_AVAILABILITY = YES_AGGRESSIVE;
				CLANG_WARN_UNREACHABLE_CODE = YES;
				CLANG_WARN__DUPLICATE_METHOD_MATCH = YES;
				COPY_PHASE_STRIP = NO;
				DEBUG_INFORMATION_FORMAT = "dwarf-with-dsym";
				ENABLE_NS_ASSERTIONS = NO;
				ENABLE_STRICT_OBJC_MSGSEND = YES;
				GCC_C_LANGUAGE_STANDARD = gnu11;
				GCC_NO_COMMON_BLOCKS = YES;
				GCC_WARN_64_TO_32_BIT_CONVERSION = YES;
				GCC_WARN_ABOUT_RETURN_TYPE = YES_ERROR;
				GCC_WARN_UNDECLARED_SELECTOR = YES;
				GCC_WARN_UNINITIALIZED_AUTOS = YES_AGGRESSIVE;
				GCC_WARN_UNUSED_FUNCTION = YES;
				GCC_WARN_UNUSED_VARIABLE = YES;
				IPHONEOS_DEPLOYMENT_TARGET = 14.3;
				MTL_ENABLE_DEBUG_INFO = NO;
				MTL_FAST_MATH = YES;
				SDKROOT = iphoneos;
				SWIFT_COMPILATION_MODE = wholemodule;
				SWIFT_OPTIMIZATION_LEVEL = "-O";
				VALIDATE_PRODUCT = YES;
			};
			name = Release;
		};
		83CE17A4261CCEEF0088DA9B /* Debug */ = {
			isa = XCBuildConfiguration;
			buildSettings = {
				ASSETCATALOG_COMPILER_APPICON_NAME = AppIcon;
				ASSETCATALOG_COMPILER_GLOBAL_ACCENT_COLOR_NAME = AccentColor;
				CODE_SIGN_STYLE = Automatic;
				DEVELOPMENT_ASSET_PATHS = "\"SwiftUIApplePractice/Preview Content\"";
				DEVELOPMENT_TEAM = DYBWA45MRH;
				ENABLE_PREVIEWS = YES;
				INFOPLIST_FILE = SwiftUIApplePractice/Info.plist;
				LD_RUNPATH_SEARCH_PATHS = (
					"$(inherited)",
					"@executable_path/Frameworks",
				);
				PRODUCT_BUNDLE_IDENTIFIER = lv.accenture.Internship.SwiftUIApplePractice;
				PRODUCT_NAME = "$(TARGET_NAME)";
				SWIFT_VERSION = 5.0;
				TARGETED_DEVICE_FAMILY = "1,2";
			};
			name = Debug;
		};
		83CE17A5261CCEEF0088DA9B /* Release */ = {
			isa = XCBuildConfiguration;
			buildSettings = {
				ASSETCATALOG_COMPILER_APPICON_NAME = AppIcon;
				ASSETCATALOG_COMPILER_GLOBAL_ACCENT_COLOR_NAME = AccentColor;
				CODE_SIGN_STYLE = Automatic;
				DEVELOPMENT_ASSET_PATHS = "\"SwiftUIApplePractice/Preview Content\"";
				DEVELOPMENT_TEAM = DYBWA45MRH;
				ENABLE_PREVIEWS = YES;
				INFOPLIST_FILE = SwiftUIApplePractice/Info.plist;
				LD_RUNPATH_SEARCH_PATHS = (
					"$(inherited)",
					"@executable_path/Frameworks",
				);
				PRODUCT_BUNDLE_IDENTIFIER = lv.accenture.Internship.SwiftUIApplePractice;
				PRODUCT_NAME = "$(TARGET_NAME)";
				SWIFT_VERSION = 5.0;
				TARGETED_DEVICE_FAMILY = "1,2";
			};
			name = Release;
		};
/* End XCBuildConfiguration section */

/* Begin XCConfigurationList section */
		83CE178A261CCEEF0088DA9B /* Build configuration list for PBXProject "SwiftUIApplePractice" */ = {
			isa = XCConfigurationList;
			buildConfigurations = (
				83CE17A1261CCEEF0088DA9B /* Debug */,
				83CE17A2261CCEEF0088DA9B /* Release */,
			);
			defaultConfigurationIsVisible = 0;
			defaultConfigurationName = Release;
		};
		83CE17A3261CCEEF0088DA9B /* Build configuration list for PBXNativeTarget "SwiftUIApplePractice" */ = {
			isa = XCConfigurationList;
			buildConfigurations = (
				83CE17A4261CCEEF0088DA9B /* Debug */,
				83CE17A5261CCEEF0088DA9B /* Release */,
			);
			defaultConfigurationIsVisible = 0;
			defaultConfigurationName = Release;
		};
/* End XCConfigurationList section */
	};
	rootObject = 83CE1787261CCEEF0088DA9B /* Project object */;
}
